
Microsoft Visual Studio Solution File, Format Version 12.00
# Visual Studio Version 17
VisualStudioVersion = 17.7.34221.43
MinimumVisualStudioVersion = 10.0.40219.1
Project("{8BC9CEB8-8B4A-11D0-8D11-00A0C91BC942}") = "PG2_99_Evaluation_Class", "PG2_99_Evaluation_Class.vcxproj", "{332B8379-390B-463B-8CDB-71E65695653E}"
EndProject
Global
	GlobalSection(SolutionConfigurationPlatforms) = preSolution
		Debug|x64 = Debug|x64
		Release|x64 = Release|x64
	EndGlobalSection
	GlobalSection(ProjectConfigurationPlatforms) = postSolution
		{332B8379-390B-463B-8CDB-71E65695653E}.Debug|x64.ActiveCfg = Debug|x64
		{332B8379-390B-463B-8CDB-71E65695653E}.Debug|x64.Build.0 = Debug|x64
		{332B8379-390B-463B-8CDB-71E65695653E}.Release|x64.ActiveCfg = Release|x64
		{332B8379-390B-463B-8CDB-71E65695653E}.Release|x64.Build.0 = Release|x64
	EndGlobalSection
	GlobalSection(SolutionProperties) = preSolution
		HideSolutionNode = FALSE
	EndGlobalSection
	GlobalSection(ExtensibilityGlobals) = postSolution
		SolutionGuid = {08D1C1D8-C723-4D2E-BDF0-0E813B5B42C1}
	EndGlobalSection
EndGlobal
